
Microsoft Visual Studio Solution File, Format Version 12.00
# Visual Studio Version 17
VisualStudioVersion = 17.4.33205.214
MinimumVisualStudioVersion = 10.0.40219.1
Project("{2150E333-8FDC-42A3-9474-1A3956D46DE8}") = "02-Service", "02-Service", "{C1EBBEC5-0DBE-458E-AA61-F77144E4A9EB}"
EndProject
Project("{2150E333-8FDC-42A3-9474-1A3956D46DE8}") = "01-Web", "01-Web", "{0FEAFC8A-FAC6-454C-8FDB-17B86AB0CCC6}"
EndProject
Project("{2150E333-8FDC-42A3-9474-1A3956D46DE8}") = "03-Business", "03-Business", "{9595571C-DF80-4402-9D6E-952E2FA132FC}"
EndProject
Project("{2150E333-8FDC-42A3-9474-1A3956D46DE8}") = "04-Data", "04-Data", "{DEA30840-F4DB-4CA7-9555-2E19B7D764ED}"
EndProject
Project("{2150E333-8FDC-42A3-9474-1A3956D46DE8}") = "05-Shared", "05-Shared", "{0624AD0A-7A27-4AAB-84E3-94AA6E10E224}"
EndProject
Project("{9A19103F-16F7-4668-BE54-9A1E7A4F7556}") = "Data.Identity", "Data.Identity\Data.Identity.csproj", "{6D0845AF-271F-401E-957F-6F441B6E7024}"
EndProject
Project("{9A19103F-16F7-4668-BE54-9A1E7A4F7556}") = "Web.Core", "Web.Core\Web.Core.csproj", "{651EBEBA-4460-4AA7-BEF2-3EEFFEEB109C}"
EndProject
Project("{9A19103F-16F7-4668-BE54-9A1E7A4F7556}") = "Shared.Data", "Shared.Data\Shared.Data.csproj", "{7DD57797-26FC-4FD3-B96D-38477668FE1F}"
EndProject
Project("{9A19103F-16F7-4668-BE54-9A1E7A4F7556}") = "Data.ViewModels", "Data.ViewModels\Data.ViewModels.csproj", "{3143B7B0-F21C-4CE5-BF38-D65C5627CA1B}"
EndProject
Project("{9A19103F-16F7-4668-BE54-9A1E7A4F7556}") = "Data.Services", "Data.Services\Data.Services.csproj", "{C23F8344-833D-43E1-BE49-2983679D4100}"
EndProject
Project("{9A19103F-16F7-4668-BE54-9A1E7A4F7556}") = "Datta.AppDataAccessLayer", "Datta.AppDataAccessLayer\Datta.AppDataAccessLayer.csproj", "{B9A0C6B7-4011-4D56-98D3-44DE58D6C7F3}"
EndProject
Project("{9A19103F-16F7-4668-BE54-9A1E7A4F7556}") = "Service.CookingBook", "Service.CookingBook\Service.CookingBook.csproj", "{AC192015-CFCA-41D5-B692-6FBE7753E2CB}"
EndProject
Project("{9A19103F-16F7-4668-BE54-9A1E7A4F7556}") = "Business.CookingBook", "Business.CookingBook\Business.CookingBook.csproj", "{8E00AB71-E3D7-47D8-9ACB-FF9E09DA51B3}"
EndProject
Project("{9A19103F-16F7-4668-BE54-9A1E7A4F7556}") = "Shared.Services", "Shared.Services\Shared.Services.csproj", "{C2769722-10AD-46B3-9F22-D5AA02D6F2AC}"
EndProject
Global
	GlobalSection(SolutionConfigurationPlatforms) = preSolution
		Debug|Any CPU = Debug|Any CPU
		Release|Any CPU = Release|Any CPU
	EndGlobalSection
	GlobalSection(ProjectConfigurationPlatforms) = postSolution
		{6D0845AF-271F-401E-957F-6F441B6E7024}.Debug|Any CPU.ActiveCfg = Debug|Any CPU
		{6D0845AF-271F-401E-957F-6F441B6E7024}.Debug|Any CPU.Build.0 = Debug|Any CPU
		{6D0845AF-271F-401E-957F-6F441B6E7024}.Release|Any CPU.ActiveCfg = Release|Any CPU
		{6D0845AF-271F-401E-957F-6F441B6E7024}.Release|Any CPU.Build.0 = Release|Any CPU
		{651EBEBA-4460-4AA7-BEF2-3EEFFEEB109C}.Debug|Any CPU.ActiveCfg = Debug|Any CPU
		{651EBEBA-4460-4AA7-BEF2-3EEFFEEB109C}.Debug|Any CPU.Build.0 = Debug|Any CPU
		{651EBEBA-4460-4AA7-BEF2-3EEFFEEB109C}.Release|Any CPU.ActiveCfg = Release|Any CPU
		{651EBEBA-4460-4AA7-BEF2-3EEFFEEB109C}.Release|Any CPU.Build.0 = Release|Any CPU
		{7DD57797-26FC-4FD3-B96D-38477668FE1F}.Debug|Any CPU.ActiveCfg = Debug|Any CPU
		{7DD57797-26FC-4FD3-B96D-38477668FE1F}.Debug|Any CPU.Build.0 = Debug|Any CPU
		{7DD57797-26FC-4FD3-B96D-38477668FE1F}.Release|Any CPU.ActiveCfg = Release|Any CPU
		{7DD57797-26FC-4FD3-B96D-38477668FE1F}.Release|Any CPU.Build.0 = Release|Any CPU
		{3143B7B0-F21C-4CE5-BF38-D65C5627CA1B}.Debug|Any CPU.ActiveCfg = Debug|Any CPU
		{3143B7B0-F21C-4CE5-BF38-D65C5627CA1B}.Debug|Any CPU.Build.0 = Debug|Any CPU
		{3143B7B0-F21C-4CE5-BF38-D65C5627CA1B}.Release|Any CPU.ActiveCfg = Release|Any CPU
		{3143B7B0-F21C-4CE5-BF38-D65C5627CA1B}.Release|Any CPU.Build.0 = Release|Any CPU
		{C23F8344-833D-43E1-BE49-2983679D4100}.Debug|Any CPU.ActiveCfg = Debug|Any CPU
		{C23F8344-833D-43E1-BE49-2983679D4100}.Debug|Any CPU.Build.0 = Debug|Any CPU
		{C23F8344-833D-43E1-BE49-2983679D4100}.Release|Any CPU.ActiveCfg = Release|Any CPU
		{C23F8344-833D-43E1-BE49-2983679D4100}.Release|Any CPU.Build.0 = Release|Any CPU
		{B9A0C6B7-4011-4D56-98D3-44DE58D6C7F3}.Debug|Any CPU.ActiveCfg = Debug|Any CPU
		{B9A0C6B7-4011-4D56-98D3-44DE58D6C7F3}.Debug|Any CPU.Build.0 = Debug|Any CPU
		{B9A0C6B7-4011-4D56-98D3-44DE58D6C7F3}.Release|Any CPU.ActiveCfg = Release|Any CPU
		{B9A0C6B7-4011-4D56-98D3-44DE58D6C7F3}.Release|Any CPU.Build.0 = Release|Any CPU
		{AC192015-CFCA-41D5-B692-6FBE7753E2CB}.Debug|Any CPU.ActiveCfg = Debug|Any CPU
		{AC192015-CFCA-41D5-B692-6FBE7753E2CB}.Debug|Any CPU.Build.0 = Debug|Any CPU
		{AC192015-CFCA-41D5-B692-6FBE7753E2CB}.Release|Any CPU.ActiveCfg = Release|Any CPU
		{AC192015-CFCA-41D5-B692-6FBE7753E2CB}.Release|Any CPU.Build.0 = Release|Any CPU
		{8E00AB71-E3D7-47D8-9ACB-FF9E09DA51B3}.Debug|Any CPU.ActiveCfg = Debug|Any CPU
		{8E00AB71-E3D7-47D8-9ACB-FF9E09DA51B3}.Debug|Any CPU.Build.0 = Debug|Any CPU
		{8E00AB71-E3D7-47D8-9ACB-FF9E09DA51B3}.Release|Any CPU.ActiveCfg = Release|Any CPU
		{8E00AB71-E3D7-47D8-9ACB-FF9E09DA51B3}.Release|Any CPU.Build.0 = Release|Any CPU
		{C2769722-10AD-46B3-9F22-D5AA02D6F2AC}.Debug|Any CPU.ActiveCfg = Debug|Any CPU
		{C2769722-10AD-46B3-9F22-D5AA02D6F2AC}.Debug|Any CPU.Build.0 = Debug|Any CPU
		{C2769722-10AD-46B3-9F22-D5AA02D6F2AC}.Release|Any CPU.ActiveCfg = Release|Any CPU
		{C2769722-10AD-46B3-9F22-D5AA02D6F2AC}.Release|Any CPU.Build.0 = Release|Any CPU
	EndGlobalSection
	GlobalSection(SolutionProperties) = preSolution
		HideSolutionNode = FALSE
	EndGlobalSection
	GlobalSection(NestedProjects) = preSolution
		{6D0845AF-271F-401E-957F-6F441B6E7024} = {DEA30840-F4DB-4CA7-9555-2E19B7D764ED}
		{651EBEBA-4460-4AA7-BEF2-3EEFFEEB109C} = {0FEAFC8A-FAC6-454C-8FDB-17B86AB0CCC6}
		{7DD57797-26FC-4FD3-B96D-38477668FE1F} = {0624AD0A-7A27-4AAB-84E3-94AA6E10E224}
		{3143B7B0-F21C-4CE5-BF38-D65C5627CA1B} = {DEA30840-F4DB-4CA7-9555-2E19B7D764ED}
		{C23F8344-833D-43E1-BE49-2983679D4100} = {DEA30840-F4DB-4CA7-9555-2E19B7D764ED}
		{B9A0C6B7-4011-4D56-98D3-44DE58D6C7F3} = {DEA30840-F4DB-4CA7-9555-2E19B7D764ED}
		{AC192015-CFCA-41D5-B692-6FBE7753E2CB} = {C1EBBEC5-0DBE-458E-AA61-F77144E4A9EB}
		{8E00AB71-E3D7-47D8-9ACB-FF9E09DA51B3} = {9595571C-DF80-4402-9D6E-952E2FA132FC}
		{C2769722-10AD-46B3-9F22-D5AA02D6F2AC} = {0624AD0A-7A27-4AAB-84E3-94AA6E10E224}
	EndGlobalSection
	GlobalSection(ExtensibilityGlobals) = postSolution
		SolutionGuid = {A6843F21-CC8A-4FFC-94AA-43B52E57A497}
	EndGlobalSection
EndGlobal
